
Microsoft Visual Studio Solution File, Format Version 12.00
# Visual Studio 14
VisualStudioVersion = 14.0.24720.0
MinimumVisualStudioVersion = 10.0.40219.1
Project("{FAE04EC0-301F-11D3-BF4B-00C04F79EFBC}") = "Task1Average", "Task1Average\Task1Average.csproj", "{DE4A5674-D4AA-4C13-8421-4BBCA045A054}"
EndProject
Project("{FAE04EC0-301F-11D3-BF4B-00C04F79EFBC}") = "Task2Calculator", "Task2Calculator\Task2Calculator.csproj", "{DF154D05-46E1-47C3-B5D5-74CB1816E588}"
EndProject
Project("{FAE04EC0-301F-11D3-BF4B-00C04F79EFBC}") = "Task3DelArray", "Task3DelArray\Task3DelArray.csproj", "{83A582C0-E043-4FF3-8BD0-4D681DDE7FA8}"
EndProject
Global
	GlobalSection(SolutionConfigurationPlatforms) = preSolution
		Debug|Any CPU = Debug|Any CPU
		Release|Any CPU = Release|Any CPU
	EndGlobalSection
	GlobalSection(ProjectConfigurationPlatforms) = postSolution
		{DE4A5674-D4AA-4C13-8421-4BBCA045A054}.Debug|Any CPU.ActiveCfg = Debug|Any CPU
		{DE4A5674-D4AA-4C13-8421-4BBCA045A054}.Debug|Any CPU.Build.0 = Debug|Any CPU
		{DE4A5674-D4AA-4C13-8421-4BBCA045A054}.Release|Any CPU.ActiveCfg = Release|Any CPU
		{DE4A5674-D4AA-4C13-8421-4BBCA045A054}.Release|Any CPU.Build.0 = Release|Any CPU
		{DF154D05-46E1-47C3-B5D5-74CB1816E588}.Debug|Any CPU.ActiveCfg = Debug|Any CPU
		{DF154D05-46E1-47C3-B5D5-74CB1816E588}.Debug|Any CPU.Build.0 = Debug|Any CPU
		{DF154D05-46E1-47C3-B5D5-74CB1816E588}.Release|Any CPU.ActiveCfg = Release|Any CPU
		{DF154D05-46E1-47C3-B5D5-74CB1816E588}.Release|Any CPU.Build.0 = Release|Any CPU
		{83A582C0-E043-4FF3-8BD0-4D681DDE7FA8}.Debug|Any CPU.ActiveCfg = Debug|Any CPU
		{83A582C0-E043-4FF3-8BD0-4D681DDE7FA8}.Debug|Any CPU.Build.0 = Debug|Any CPU
		{83A582C0-E043-4FF3-8BD0-4D681DDE7FA8}.Release|Any CPU.ActiveCfg = Release|Any CPU
		{83A582C0-E043-4FF3-8BD0-4D681DDE7FA8}.Release|Any CPU.Build.0 = Release|Any CPU
	EndGlobalSection
	GlobalSection(SolutionProperties) = preSolution
		HideSolutionNode = FALSE
	EndGlobalSection
EndGlobal
